# THIS IS AN AUTOGENERATED FILE. DO NOT EDIT THIS FILE DIRECTLY.
# yarn lockfile v1


"@babel/runtime@^7.3.1":
  version "7.9.6"
  resolved "https://registry.yarnpkg.com/@babel/runtime/-/runtime-7.9.6.tgz#a9102eb5cadedf3f31d08a9ecf294af7827ea29f"
  integrity sha512-64AF1xY3OAkFHqOb9s4jpgk1Mm5vDZ4L3acHvAml+53nO1XbXLuDodsVpO4OIUsmemlUHMxNdYMNJmsvOwLrvQ==
  dependencies:
    regenerator-runtime "^0.13.4"

ask-sdk-core@^2.0.0:
  version "2.8.0"
  resolved "https://registry.yarnpkg.com/ask-sdk-core/-/ask-sdk-core-2.8.0.tgz#a10be45df6cc60772f7a8fe0938ab003a88964f0"
  integrity sha512-yW5D+5Z8sKOAm/vVySTZkj7f1+LemBsOAjTEZQTK4MdS8Lp8xteg3cmuqcvCp3M8405K2LYd7TknCoEAs82HEA==
  dependencies:
    ask-sdk-runtime "^2.8.0"

ask-sdk-model@^1.0.0:
  version "1.28.0"
  resolved "https://registry.yarnpkg.com/ask-sdk-model/-/ask-sdk-model-1.28.0.tgz#7cb1e3aad2ed77bb8a5c2052eb788b1050e9c8e2"
  integrity sha512-T4qz/hbXlQ8t6XvJBB7+tkYxpLe9/Ic+MEWNYGKgwbWnIOi5SKpfkXTEvV/mOEMpLMKj8WC84j+nRAyVc63NXQ==

ask-sdk-runtime@^2.8.0:
  version "2.8.0"
  resolved "https://registry.yarnpkg.com/ask-sdk-runtime/-/ask-sdk-runtime-2.8.0.tgz#a958faad9de9c10b67d469900129dda81347cac2"
  integrity sha512-hsVDcFKcbuj2H7MuAUlW0RBCTF8QOXfVCsrWSIgV2ABi8+PyI0zGUe8TdkQOGsPrDAv1PIzOS42QYqxWwPsp2g==

i18next@^15.0.5:
  version "15.1.3"
  resolved "https://registry.yarnpkg.com/i18next/-/i18next-15.1.3.tgz#f1984cbee0e3cb00cff9008b037264289ce8840a"
  integrity sha512-hN2DZLoRSY2h/RYeNqth5XxV4N1ekKGSJDCGhFmmuXkOCAfK5CkUG4VBv9OBXrvf93xApv0KKBVrb0zJP31EKg==
  dependencies:
    "@babel/runtime" "^7.3.1"

regenerator-runtime@^0.13.4:
  version "0.13.5"
  resolved "https://registry.yarnpkg.com/regenerator-runtime/-/regenerator-runtime-0.13.5.tgz#d878a1d094b4306d10b9096484b33ebd55e26697"
  integrity sha512-ZS5w8CpKFinUzOwW3c83oPeVXoNsrLsaCoLtJvAClH135j/R77RuymhiSErhm2lKcwSCIpmvIWSbDkIfAqKQlA==

typescript@^3.9.2:
  version "3.9.2"
  resolved "https://registry.yarnpkg.com/typescript/-/typescript-3.9.2.tgz#64e9c8e9be6ea583c54607677dd4680a1cf35db9"
  integrity sha512-q2ktq4n/uLuNNShyayit+DTobV2ApPEo/6so68JaD5ojvc/6GClBipedB9zNWYxRSAlZXAe405Rlijzl6qDiSw==
